<?xml version="1.0" encoding="utf-8"?>
<Project ToolsVersion="4.0" xmlns="http://schemas.microsoft.com/developer/msbuild/2003">
  <ItemGroup>
    <Filter Include="源文件">
      <UniqueIdentifier>{4FC737F1-C7A5-4376-A066-2A32D752A2FF}</UniqueIdentifier>
      <Extensions>cpp;c;cc;cxx;def;odl;idl;hpj;bat;asm;asmx</Extensions>
    </Filter>
    <Filter Include="头文件">
      <UniqueIdentifier>{93995380-89BD-4b04-88EB-625FBE52EBFB}</UniqueIdentifier>
      <Extensions>h;hh;hpp;hxx;hm;inl;inc;ipp;xsd</Extensions>
    </Filter>
    <Filter Include="资源文件">
      <UniqueIdentifier>{67DA6AB6-F800-4c08-8B7A-83BB121AAD01}</UniqueIdentifier>
      <Extensions>rc;ico;cur;bmp;dlg;rc2;rct;bin;rgs;gif;jpg;jpeg;jpe;resx;tiff;tif;png;wav;mfcribbon-ms</Extensions>
    </Filter>
  </ItemGroup>
  <ItemGroup>
    <ClInclude Include="matrix.h">
      <Filter>头文件</Filter>
    </ClInclude>
    <ClInclude Include="vectors.h">
      <Filter>头文件</Filter>
    </ClInclude>
    <ClInclude Include="forceField.h">
      <Filter>头文件</Filter>
    </ClInclude>
    <ClInclude Include="gravityForceField.h">
      <Filter>头文件</Filter>
    </ClInclude>
    <ClInclude Include="constantForceField.h">
      <Filter>头文件</Filter>
    </ClInclude>
    <ClInclude Include="radialForceField.h">
      <Filter>头文件</Filter>
    </ClInclude>
    <ClInclude Include="verticalForceField.h">
      <Filter>头文件</Filter>
    </ClInclude>
    <ClInclude Include="integrator.h">
      <Filter>头文件</Filter>
    </ClInclude>
    <ClInclude Include="particle.h">
      <Filter>头文件</Filter>
    </ClInclude>
    <ClInclude Include="particleSet.h">
      <Filter>头文件</Filter>
    </ClInclude>
    <ClInclude Include="random.h">
      <Filter>头文件</Filter>
    </ClInclude>
    <ClInclude Include="system.h">
      <Filter>头文件</Filter>
    </ClInclude>
    <ClInclude Include="parser.h">
      <Filter>头文件</Filter>
    </ClInclude>
    <ClInclude Include="glCanvas.h">
      <Filter>头文件</Filter>
    </ClInclude>
    <ClInclude Include="eulerIntegrator.h">
      <Filter>头文件</Filter>
    </ClInclude>
    <ClInclude Include="midpointIntegrator.h">
      <Filter>头文件</Filter>
    </ClInclude>
    <ClInclude Include="generator.h">
      <Filter>头文件</Filter>
    </ClInclude>
    <ClInclude Include="hoseGenerator.h">
      <Filter>头文件</Filter>
    </ClInclude>
    <ClInclude Include="ringGenerator.h">
      <Filter>头文件</Filter>
    </ClInclude>
    <ClInclude Include="rungeKuttaIntegrator.h">
      <Filter>头文件</Filter>
    </ClInclude>
    <ClInclude Include="windForceField.h">
      <Filter>头文件</Filter>
    </ClInclude>
  </ItemGroup>
  <ItemGroup>
    <ClCompile Include="matrix.cpp">
      <Filter>源文件</Filter>
    </ClCompile>
    <ClCompile Include="gravityForceField.cpp">
      <Filter>源文件</Filter>
    </ClCompile>
    <ClCompile Include="constantForceField.cpp">
      <Filter>源文件</Filter>
    </ClCompile>
    <ClCompile Include="radialForceField.cpp">
      <Filter>源文件</Filter>
    </ClCompile>
    <ClCompile Include="verticalForceField.cpp">
      <Filter>源文件</Filter>
    </ClCompile>
    <ClCompile Include="particle.cpp">
      <Filter>源文件</Filter>
    </ClCompile>
    <ClCompile Include="system.cpp">
      <Filter>源文件</Filter>
    </ClCompile>
    <ClCompile Include="parser.cpp">
      <Filter>源文件</Filter>
    </ClCompile>
    <ClCompile Include="glCanvas.cpp">
      <Filter>源文件</Filter>
    </ClCompile>
    <ClCompile Include="main.cpp">
      <Filter>源文件</Filter>
    </ClCompile>
    <ClCompile Include="generator.cpp">
      <Filter>源文件</Filter>
    </ClCompile>
    <ClCompile Include="eulerIntegrator.cpp">
      <Filter>源文件</Filter>
    </ClCompile>
    <ClCompile Include="midpointIntegrator.cpp">
      <Filter>源文件</Filter>
    </ClCompile>
    <ClCompile Include="hoseGenerator.cpp">
      <Filter>源文件</Filter>
    </ClCompile>
    <ClCompile Include="ringGenerator.cpp">
      <Filter>源文件</Filter>
    </ClCompile>
    <ClCompile Include="rungeKuttaIntegrator.cpp">
      <Filter>源文件</Filter>
    </ClCompile>
    <ClCompile Include="windForceField.cpp">
      <Filter>源文件</Filter>
    </ClCompile>
  </ItemGroup>
  <ItemGroup>
    <Text Include="system9_01_hose.txt">
      <Filter>资源文件</Filter>
    </Text>
    <Text Include="system9_02_hose_gravity.txt">
      <Filter>资源文件</Filter>
    </Text>
    <Text Include="system9_03_hose_force.txt">
      <Filter>资源文件</Filter>
    </Text>
    <Text Include="system9_04_circle_euler.txt">
      <Filter>资源文件</Filter>
    </Text>
    <Text Include="system9_05_circle_midpoint.txt">
      <Filter>资源文件</Filter>
    </Text>
    <Text Include="system9_06_circle_rungekutta.txt">
      <Filter>资源文件</Filter>
    </Text>
    <Text Include="system9_08_fire.txt">
      <Filter>资源文件</Filter>
    </Text>
    <Text Include="system9_09_wind.txt">
      <Filter>资源文件</Filter>
    </Text>
    <Text Include="system9_07_wave.txt">
      <Filter>资源文件</Filter>
    </Text>
  </ItemGroup>
</Project>